
Microsoft Visual Studio Solution File, Format Version 11.00
# Visual Studio 2010
Project("{8BC9CEB8-8B4A-11D0-8D11-00A0C91BC942}") = "Cat", "Cat.vcxproj", "{94124B22-B358-4DDF-B6A0-4104FEF495BE}"
	ProjectSection(ProjectDependencies) = postProject
		{1580F75F-21B4-450F-958C-E32412813A08} = {1580F75F-21B4-450F-958C-E32412813A08}
	EndProjectSection
EndProject
Project("{2150E333-8FDC-42A3-9474-1A3956D46DE8}") = "Plugins", "Plugins", "{528AE3A4-42B5-4CD0-A368-EBE1176019B4}"
EndProject
Project("{8BC9CEB8-8B4A-11D0-8D11-00A0C91BC942}") = "CatPLG_UserDecideCmd", "..\CatPLG_UserDecideCmd\CatPLG_UserDecideCmd.vcxproj", "{E9703D94-53CD-4088-96DF-3A4BEF50D1FB}"
	ProjectSection(ProjectDependencies) = postProject
		{1580F75F-21B4-450F-958C-E32412813A08} = {1580F75F-21B4-450F-958C-E32412813A08}
		{16FBA6F3-9767-434A-A6D3-4F10F2AAD0CC} = {16FBA6F3-9767-434A-A6D3-4F10F2AAD0CC}
	EndProjectSection
EndProject
Project("{8BC9CEB8-8B4A-11D0-8D11-00A0C91BC942}") = "CatDeviceManager", "..\CatDeviceManager\CatDeviceManager.vcxproj", "{16FBA6F3-9767-434A-A6D3-4F10F2AAD0CC}"
EndProject
Project("{2150E333-8FDC-42A3-9474-1A3956D46DE8}") = "Lib", "Lib", "{B436CFE1-E034-48B1-B3E2-16E289B445F7}"
EndProject
Project("{2150E333-8FDC-42A3-9474-1A3956D46DE8}") = "Exe", "Exe", "{78F04A2D-0D43-4020-BC2D-5401B9B93F71}"
EndProject
Project("{8BC9CEB8-8B4A-11D0-8D11-00A0C91BC942}") = "CatRunUI", "..\CatRunUI\CatRunUI.vcxproj", "{1580F75F-21B4-450F-958C-E32412813A08}"
EndProject
Project("{8BC9CEB8-8B4A-11D0-8D11-00A0C91BC942}") = "CatPLG_InitializeCmd", "..\CatPLG_InitializeCmd\CatPLG_InitializeCmd.vcxproj", "{C607F6AE-880B-444D-8EED-313BFB8AA3EF}"
	ProjectSection(ProjectDependencies) = postProject
		{1580F75F-21B4-450F-958C-E32412813A08} = {1580F75F-21B4-450F-958C-E32412813A08}
		{16FBA6F3-9767-434A-A6D3-4F10F2AAD0CC} = {16FBA6F3-9767-434A-A6D3-4F10F2AAD0CC}
	EndProjectSection
EndProject
Project("{8BC9CEB8-8B4A-11D0-8D11-00A0C91BC942}") = "CatPLG_ClosePortCmd", "..\CatPLG_ClosePortCmd\CatPLG_ClosePortCmd.vcxproj", "{2D9B71D5-659D-4587-90E0-C2A2AC146E59}"
	ProjectSection(ProjectDependencies) = postProject
		{1580F75F-21B4-450F-958C-E32412813A08} = {1580F75F-21B4-450F-958C-E32412813A08}
		{16FBA6F3-9767-434A-A6D3-4F10F2AAD0CC} = {16FBA6F3-9767-434A-A6D3-4F10F2AAD0CC}
	EndProjectSection
EndProject
Project("{8BC9CEB8-8B4A-11D0-8D11-00A0C91BC942}") = "CatPLG_SetTriggerCmd", "..\CatPLG_SetTriggerCmd\CatPLG_SetTriggerCmd.vcxproj", "{1A38A8BF-79E2-4DD6-91F7-10B68D97935E}"
	ProjectSection(ProjectDependencies) = postProject
		{1580F75F-21B4-450F-958C-E32412813A08} = {1580F75F-21B4-450F-958C-E32412813A08}
		{16FBA6F3-9767-434A-A6D3-4F10F2AAD0CC} = {16FBA6F3-9767-434A-A6D3-4F10F2AAD0CC}
	EndProjectSection
EndProject
Project("{8BC9CEB8-8B4A-11D0-8D11-00A0C91BC942}") = "CatPLG_VoltageCmd", "..\CatPLG_VoltageCmd\CatPLG_VoltageCmd.vcxproj", "{05AEF4A1-2949-4D0E-8886-F9F9F88CDB8B}"
EndProject
Project("{8BC9CEB8-8B4A-11D0-8D11-00A0C91BC942}") = "CatPLG_CurrentCmd", "..\CatPLG_CurrentCmd\CatPLG_CurrentCmd.vcxproj", "{EC3743D8-C18F-4C63-B1D6-764A8348EEB7}"
EndProject
Project("{8BC9CEB8-8B4A-11D0-8D11-00A0C91BC942}") = "CatPLG_ResistenceCmd", "..\CatPLG_ResistenceCmd\CatPLG_ResistenceCmd.vcxproj", "{7E79794C-4E46-4244-A8FB-6D41869F02AA}"
EndProject
Project("{8BC9CEB8-8B4A-11D0-8D11-00A0C91BC942}") = "CatPLG_ScanCmd", "..\CatPLG_ScanCmd\CatPLG_ScanCmd.vcxproj", "{0E94D698-ED58-4C22-937E-E7A00EC99A81}"
EndProject
Project("{8BC9CEB8-8B4A-11D0-8D11-00A0C91BC942}") = "CatPLG_CheckCmd", "..\CatPLG_CheckCmd\CatPLG_CheckCmd.vcxproj", "{5E3D49ED-63C2-4329-B034-7F54B5970DDF}"
EndProject
Global
	GlobalSection(SolutionConfigurationPlatforms) = preSolution
		Debug|Win32 = Debug|Win32
		Debug|x64 = Debug|x64
		Release|Win32 = Release|Win32
		Release|x64 = Release|x64
	EndGlobalSection
	GlobalSection(ProjectConfigurationPlatforms) = postSolution
		{94124B22-B358-4DDF-B6A0-4104FEF495BE}.Debug|Win32.ActiveCfg = Debug|Win32
		{94124B22-B358-4DDF-B6A0-4104FEF495BE}.Debug|Win32.Build.0 = Debug|Win32
		{94124B22-B358-4DDF-B6A0-4104FEF495BE}.Debug|x64.ActiveCfg = Debug|x64
		{94124B22-B358-4DDF-B6A0-4104FEF495BE}.Debug|x64.Build.0 = Debug|x64
		{94124B22-B358-4DDF-B6A0-4104FEF495BE}.Release|Win32.ActiveCfg = Release|Win32
		{94124B22-B358-4DDF-B6A0-4104FEF495BE}.Release|Win32.Build.0 = Release|Win32
		{94124B22-B358-4DDF-B6A0-4104FEF495BE}.Release|x64.ActiveCfg = Release|x64
		{94124B22-B358-4DDF-B6A0-4104FEF495BE}.Release|x64.Build.0 = Release|x64
		{E9703D94-53CD-4088-96DF-3A4BEF50D1FB}.Debug|Win32.ActiveCfg = Debug|Win32
		{E9703D94-53CD-4088-96DF-3A4BEF50D1FB}.Debug|Win32.Build.0 = Debug|Win32
		{E9703D94-53CD-4088-96DF-3A4BEF50D1FB}.Debug|x64.ActiveCfg = Debug|Win32
		{E9703D94-53CD-4088-96DF-3A4BEF50D1FB}.Release|Win32.ActiveCfg = Release|Win32
		{E9703D94-53CD-4088-96DF-3A4BEF50D1FB}.Release|Win32.Build.0 = Release|Win32
		{E9703D94-53CD-4088-96DF-3A4BEF50D1FB}.Release|x64.ActiveCfg = Release|Win32
		{16FBA6F3-9767-434A-A6D3-4F10F2AAD0CC}.Debug|Win32.ActiveCfg = Debug|Win32
		{16FBA6F3-9767-434A-A6D3-4F10F2AAD0CC}.Debug|Win32.Build.0 = Debug|Win32
		{16FBA6F3-9767-434A-A6D3-4F10F2AAD0CC}.Debug|x64.ActiveCfg = Debug|Win32
		{16FBA6F3-9767-434A-A6D3-4F10F2AAD0CC}.Release|Win32.ActiveCfg = Release|Win32
		{16FBA6F3-9767-434A-A6D3-4F10F2AAD0CC}.Release|Win32.Build.0 = Release|Win32
		{16FBA6F3-9767-434A-A6D3-4F10F2AAD0CC}.Release|x64.ActiveCfg = Release|Win32
		{1580F75F-21B4-450F-958C-E32412813A08}.Debug|Win32.ActiveCfg = Debug|Win32
		{1580F75F-21B4-450F-958C-E32412813A08}.Debug|Win32.Build.0 = Debug|Win32
		{1580F75F-21B4-450F-958C-E32412813A08}.Debug|x64.ActiveCfg = Debug|Win32
		{1580F75F-21B4-450F-958C-E32412813A08}.Release|Win32.ActiveCfg = Release|Win32
		{1580F75F-21B4-450F-958C-E32412813A08}.Release|Win32.Build.0 = Release|Win32
		{1580F75F-21B4-450F-958C-E32412813A08}.Release|x64.ActiveCfg = Release|Win32
		{C607F6AE-880B-444D-8EED-313BFB8AA3EF}.Debug|Win32.ActiveCfg = Debug|Win32
		{C607F6AE-880B-444D-8EED-313BFB8AA3EF}.Debug|Win32.Build.0 = Debug|Win32
		{C607F6AE-880B-444D-8EED-313BFB8AA3EF}.Debug|x64.ActiveCfg = Debug|Win32
		{C607F6AE-880B-444D-8EED-313BFB8AA3EF}.Release|Win32.ActiveCfg = Release|Win32
		{C607F6AE-880B-444D-8EED-313BFB8AA3EF}.Release|Win32.Build.0 = Release|Win32
		{C607F6AE-880B-444D-8EED-313BFB8AA3EF}.Release|x64.ActiveCfg = Release|Win32
		{2D9B71D5-659D-4587-90E0-C2A2AC146E59}.Debug|Win32.ActiveCfg = Debug|Win32
		{2D9B71D5-659D-4587-90E0-C2A2AC146E59}.Debug|Win32.Build.0 = Debug|Win32
		{2D9B71D5-659D-4587-90E0-C2A2AC146E59}.Debug|x64.ActiveCfg = Debug|Win32
		{2D9B71D5-659D-4587-90E0-C2A2AC146E59}.Release|Win32.ActiveCfg = Release|Win32
		{2D9B71D5-659D-4587-90E0-C2A2AC146E59}.Release|Win32.Build.0 = Release|Win32
		{2D9B71D5-659D-4587-90E0-C2A2AC146E59}.Release|x64.ActiveCfg = Release|Win32
		{1A38A8BF-79E2-4DD6-91F7-10B68D97935E}.Debug|Win32.ActiveCfg = Debug|Win32
		{1A38A8BF-79E2-4DD6-91F7-10B68D97935E}.Debug|Win32.Build.0 = Debug|Win32
		{1A38A8BF-79E2-4DD6-91F7-10B68D97935E}.Debug|x64.ActiveCfg = Debug|Win32
		{1A38A8BF-79E2-4DD6-91F7-10B68D97935E}.Release|Win32.ActiveCfg = Release|Win32
		{1A38A8BF-79E2-4DD6-91F7-10B68D97935E}.Release|Win32.Build.0 = Release|Win32
		{1A38A8BF-79E2-4DD6-91F7-10B68D97935E}.Release|x64.ActiveCfg = Release|Win32
		{05AEF4A1-2949-4D0E-8886-F9F9F88CDB8B}.Debug|Win32.ActiveCfg = Debug|Win32
		{05AEF4A1-2949-4D0E-8886-F9F9F88CDB8B}.Debug|Win32.Build.0 = Debug|Win32
		{05AEF4A1-2949-4D0E-8886-F9F9F88CDB8B}.Debug|x64.ActiveCfg = Debug|Win32
		{05AEF4A1-2949-4D0E-8886-F9F9F88CDB8B}.Release|Win32.ActiveCfg = Release|Win32
		{05AEF4A1-2949-4D0E-8886-F9F9F88CDB8B}.Release|Win32.Build.0 = Release|Win32
		{05AEF4A1-2949-4D0E-8886-F9F9F88CDB8B}.Release|x64.ActiveCfg = Release|Win32
		{EC3743D8-C18F-4C63-B1D6-764A8348EEB7}.Debug|Win32.ActiveCfg = Debug|Win32
		{EC3743D8-C18F-4C63-B1D6-764A8348EEB7}.Debug|Win32.Build.0 = Debug|Win32
		{EC3743D8-C18F-4C63-B1D6-764A8348EEB7}.Debug|x64.ActiveCfg = Debug|Win32
		{EC3743D8-C18F-4C63-B1D6-764A8348EEB7}.Release|Win32.ActiveCfg = Release|Win32
		{EC3743D8-C18F-4C63-B1D6-764A8348EEB7}.Release|Win32.Build.0 = Release|Win32
		{EC3743D8-C18F-4C63-B1D6-764A8348EEB7}.Release|x64.ActiveCfg = Release|Win32
		{7E79794C-4E46-4244-A8FB-6D41869F02AA}.Debug|Win32.ActiveCfg = Debug|Win32
		{7E79794C-4E46-4244-A8FB-6D41869F02AA}.Debug|Win32.Build.0 = Debug|Win32
		{7E79794C-4E46-4244-A8FB-6D41869F02AA}.Debug|x64.ActiveCfg = Debug|Win32
		{7E79794C-4E46-4244-A8FB-6D41869F02AA}.Release|Win32.ActiveCfg = Release|Win32
		{7E79794C-4E46-4244-A8FB-6D41869F02AA}.Release|Win32.Build.0 = Release|Win32
		{7E79794C-4E46-4244-A8FB-6D41869F02AA}.Release|x64.ActiveCfg = Release|Win32
		{0E94D698-ED58-4C22-937E-E7A00EC99A81}.Debug|Win32.ActiveCfg = Debug|Win32
		{0E94D698-ED58-4C22-937E-E7A00EC99A81}.Debug|Win32.Build.0 = Debug|Win32
		{0E94D698-ED58-4C22-937E-E7A00EC99A81}.Debug|x64.ActiveCfg = Debug|Win32
		{0E94D698-ED58-4C22-937E-E7A00EC99A81}.Release|Win32.ActiveCfg = Release|Win32
		{0E94D698-ED58-4C22-937E-E7A00EC99A81}.Release|Win32.Build.0 = Release|Win32
		{0E94D698-ED58-4C22-937E-E7A00EC99A81}.Release|x64.ActiveCfg = Release|Win32
		{5E3D49ED-63C2-4329-B034-7F54B5970DDF}.Debug|Win32.ActiveCfg = Debug|Win32
		{5E3D49ED-63C2-4329-B034-7F54B5970DDF}.Debug|Win32.Build.0 = Debug|Win32
		{5E3D49ED-63C2-4329-B034-7F54B5970DDF}.Debug|x64.ActiveCfg = Debug|Win32
		{5E3D49ED-63C2-4329-B034-7F54B5970DDF}.Release|Win32.ActiveCfg = Release|Win32
		{5E3D49ED-63C2-4329-B034-7F54B5970DDF}.Release|Win32.Build.0 = Release|Win32
		{5E3D49ED-63C2-4329-B034-7F54B5970DDF}.Release|x64.ActiveCfg = Release|Win32
	EndGlobalSection
	GlobalSection(SolutionProperties) = preSolution
		HideSolutionNode = FALSE
	EndGlobalSection
	GlobalSection(NestedProjects) = preSolution
		{94124B22-B358-4DDF-B6A0-4104FEF495BE} = {78F04A2D-0D43-4020-BC2D-5401B9B93F71}
		{E9703D94-53CD-4088-96DF-3A4BEF50D1FB} = {528AE3A4-42B5-4CD0-A368-EBE1176019B4}
		{C607F6AE-880B-444D-8EED-313BFB8AA3EF} = {528AE3A4-42B5-4CD0-A368-EBE1176019B4}
		{2D9B71D5-659D-4587-90E0-C2A2AC146E59} = {528AE3A4-42B5-4CD0-A368-EBE1176019B4}
		{1A38A8BF-79E2-4DD6-91F7-10B68D97935E} = {528AE3A4-42B5-4CD0-A368-EBE1176019B4}
		{05AEF4A1-2949-4D0E-8886-F9F9F88CDB8B} = {528AE3A4-42B5-4CD0-A368-EBE1176019B4}
		{EC3743D8-C18F-4C63-B1D6-764A8348EEB7} = {528AE3A4-42B5-4CD0-A368-EBE1176019B4}
		{7E79794C-4E46-4244-A8FB-6D41869F02AA} = {528AE3A4-42B5-4CD0-A368-EBE1176019B4}
		{0E94D698-ED58-4C22-937E-E7A00EC99A81} = {528AE3A4-42B5-4CD0-A368-EBE1176019B4}
		{5E3D49ED-63C2-4329-B034-7F54B5970DDF} = {528AE3A4-42B5-4CD0-A368-EBE1176019B4}
		{16FBA6F3-9767-434A-A6D3-4F10F2AAD0CC} = {B436CFE1-E034-48B1-B3E2-16E289B445F7}
		{1580F75F-21B4-450F-958C-E32412813A08} = {B436CFE1-E034-48B1-B3E2-16E289B445F7}
	EndGlobalSection
	GlobalSection(ExtensibilityGlobals) = postSolution
		QtVersion = 4.8.4
	EndGlobalSection
EndGlobal
